
Microsoft Visual Studio Solution File, Format Version 12.00
# Visual Studio Version 17
VisualStudioVersion = 17.14.36603.0 d17.14
MinimumVisualStudioVersion = 10.0.40219.1
Project("{FAE04EC0-301F-11D3-BF4B-00C04F79EFBC}") = "RammProtocol", "RammProtocol\RammProtocol.csproj", "{B3451FF4-C083-43B6-A0B2-122FB1667972}"
EndProject
Project("{FAE04EC0-301F-11D3-BF4B-00C04F79EFBC}") = "DataAL", "DataAL\DataAL.csproj", "{DB08945D-1142-4D2A-A268-D5D88C5D64B1}"
EndProject
Global
	GlobalSection(SolutionConfigurationPlatforms) = preSolution
		Debug|Any CPU = Debug|Any CPU
		Release|Any CPU = Release|Any CPU
	EndGlobalSection
	GlobalSection(ProjectConfigurationPlatforms) = postSolution
		{B3451FF4-C083-43B6-A0B2-122FB1667972}.Debug|Any CPU.ActiveCfg = Debug|Any CPU
		{B3451FF4-C083-43B6-A0B2-122FB1667972}.Debug|Any CPU.Build.0 = Debug|Any CPU
		{B3451FF4-C083-43B6-A0B2-122FB1667972}.Release|Any CPU.ActiveCfg = Release|Any CPU
		{B3451FF4-C083-43B6-A0B2-122FB1667972}.Release|Any CPU.Build.0 = Release|Any CPU
		{DB08945D-1142-4D2A-A268-D5D88C5D64B1}.Debug|Any CPU.ActiveCfg = Debug|Any CPU
		{DB08945D-1142-4D2A-A268-D5D88C5D64B1}.Debug|Any CPU.Build.0 = Debug|Any CPU
		{DB08945D-1142-4D2A-A268-D5D88C5D64B1}.Release|Any CPU.ActiveCfg = Release|Any CPU
		{DB08945D-1142-4D2A-A268-D5D88C5D64B1}.Release|Any CPU.Build.0 = Release|Any CPU
	EndGlobalSection
	GlobalSection(SolutionProperties) = preSolution
		HideSolutionNode = FALSE
	EndGlobalSection
	GlobalSection(ExtensibilityGlobals) = postSolution
		SolutionGuid = {CE8B88AC-EA1A-437B-8B9F-CEC0617E364B}
	EndGlobalSection
EndGlobal
